
Microsoft Visual Studio Solution File, Format Version 12.00
# Visual Studio Version 17
VisualStudioVersion = 17.14.36109.1 d17.14
MinimumVisualStudioVersion = 10.0.40219.1
Project("{FAE04EC0-301F-11D3-BF4B-00C04F79EFBC}") = "lab week 10", "lab week 10.csproj", "{8FAB8539-0E7C-426C-88F9-CCAAA69FAD18}"
EndProject
Global
	GlobalSection(SolutionConfigurationPlatforms) = preSolution
		Debug|Any CPU = Debug|Any CPU
		Release|Any CPU = Release|Any CPU
	EndGlobalSection
	GlobalSection(ProjectConfigurationPlatforms) = postSolution
		{8FAB8539-0E7C-426C-88F9-CCAAA69FAD18}.Debug|Any CPU.ActiveCfg = Debug|Any CPU
		{8FAB8539-0E7C-426C-88F9-CCAAA69FAD18}.Debug|Any CPU.Build.0 = Debug|Any CPU
		{8FAB8539-0E7C-426C-88F9-CCAAA69FAD18}.Release|Any CPU.ActiveCfg = Release|Any CPU
		{8FAB8539-0E7C-426C-88F9-CCAAA69FAD18}.Release|Any CPU.Build.0 = Release|Any CPU
	EndGlobalSection
	GlobalSection(SolutionProperties) = preSolution
		HideSolutionNode = FALSE
	EndGlobalSection
	GlobalSection(ExtensibilityGlobals) = postSolution
		SolutionGuid = {8BD11857-9424-47E3-88D3-BC53DC21B1E5}
	EndGlobalSection
EndGlobal
